
Microsoft Visual Studio Solution File, Format Version 12.00
# Visual Studio Version 17
VisualStudioVersion = 17.13.35806.99 d17.13
MinimumVisualStudioVersion = 10.0.40219.1
Project("{FAE04EC0-301F-11D3-BF4B-00C04F79EFBC}") = "lab5", "lab5\lab5.csproj", "{81DAC52E-2D11-4C10-8AE7-503CD18D5E1A}"
EndProject
Global
	GlobalSection(SolutionConfigurationPlatforms) = preSolution
		Debug|Any CPU = Debug|Any CPU
		Release|Any CPU = Release|Any CPU
	EndGlobalSection
	GlobalSection(ProjectConfigurationPlatforms) = postSolution
		{81DAC52E-2D11-4C10-8AE7-503CD18D5E1A}.Debug|Any CPU.ActiveCfg = Debug|Any CPU
		{81DAC52E-2D11-4C10-8AE7-503CD18D5E1A}.Debug|Any CPU.Build.0 = Debug|Any CPU
		{81DAC52E-2D11-4C10-8AE7-503CD18D5E1A}.Release|Any CPU.ActiveCfg = Release|Any CPU
		{81DAC52E-2D11-4C10-8AE7-503CD18D5E1A}.Release|Any CPU.Build.0 = Release|Any CPU
	EndGlobalSection
	GlobalSection(SolutionProperties) = preSolution
		HideSolutionNode = FALSE
	EndGlobalSection
	GlobalSection(ExtensibilityGlobals) = postSolution
		SolutionGuid = {CE19FD2D-F423-4921-8305-F5C52974A0E2}
	EndGlobalSection
EndGlobal
