
Microsoft Visual Studio Solution File, Format Version 12.00
# Visual Studio Version 17
VisualStudioVersion = 17.13.35806.99 d17.13
MinimumVisualStudioVersion = 10.0.40219.1
Project("{FAE04EC0-301F-11D3-BF4B-00C04F79EFBC}") = "DrawingApp", "DrawingApp\DrawingApp.csproj", "{C10E1D5C-7612-4CC4-A5D4-3AFABC9A5681}"
EndProject
Global
	GlobalSection(SolutionConfigurationPlatforms) = preSolution
		Debug|Any CPU = Debug|Any CPU
		Release|Any CPU = Release|Any CPU
	EndGlobalSection
	GlobalSection(ProjectConfigurationPlatforms) = postSolution
		{C10E1D5C-7612-4CC4-A5D4-3AFABC9A5681}.Debug|Any CPU.ActiveCfg = Debug|Any CPU
		{C10E1D5C-7612-4CC4-A5D4-3AFABC9A5681}.Debug|Any CPU.Build.0 = Debug|Any CPU
		{C10E1D5C-7612-4CC4-A5D4-3AFABC9A5681}.Release|Any CPU.ActiveCfg = Release|Any CPU
		{C10E1D5C-7612-4CC4-A5D4-3AFABC9A5681}.Release|Any CPU.Build.0 = Release|Any CPU
	EndGlobalSection
	GlobalSection(SolutionProperties) = preSolution
		HideSolutionNode = FALSE
	EndGlobalSection
	GlobalSection(ExtensibilityGlobals) = postSolution
		SolutionGuid = {A094BA50-D39D-473B-BA05-CB4F28FB2000}
	EndGlobalSection
EndGlobal
