
Microsoft Visual Studio Solution File, Format Version 12.00
# Visual Studio Version 17
VisualStudioVersion = 17.13.35806.99 d17.13
MinimumVisualStudioVersion = 10.0.40219.1
Project("{FAE04EC0-301F-11D3-BF4B-00C04F79EFBC}") = "kr", "kr\kr.csproj", "{44A99E93-8153-401B-AFD8-2920BC8232DE}"
EndProject
Global
	GlobalSection(SolutionConfigurationPlatforms) = preSolution
		Debug|Any CPU = Debug|Any CPU
		Release|Any CPU = Release|Any CPU
	EndGlobalSection
	GlobalSection(ProjectConfigurationPlatforms) = postSolution
		{44A99E93-8153-401B-AFD8-2920BC8232DE}.Debug|Any CPU.ActiveCfg = Debug|Any CPU
		{44A99E93-8153-401B-AFD8-2920BC8232DE}.Debug|Any CPU.Build.0 = Debug|Any CPU
		{44A99E93-8153-401B-AFD8-2920BC8232DE}.Release|Any CPU.ActiveCfg = Release|Any CPU
		{44A99E93-8153-401B-AFD8-2920BC8232DE}.Release|Any CPU.Build.0 = Release|Any CPU
	EndGlobalSection
	GlobalSection(SolutionProperties) = preSolution
		HideSolutionNode = FALSE
	EndGlobalSection
	GlobalSection(ExtensibilityGlobals) = postSolution
		SolutionGuid = {DCC78705-AA99-4287-8BF2-8DE28A791814}
	EndGlobalSection
EndGlobal
