
Microsoft Visual Studio Solution File, Format Version 12.00
# Visual Studio Version 17
VisualStudioVersion = 17.13.35806.99 d17.13
MinimumVisualStudioVersion = 10.0.40219.1
Project("{FAE04EC0-301F-11D3-BF4B-00C04F79EFBC}") = "lab2", "lab2\lab2.csproj", "{0BA0EB6F-14F8-4D7E-A3F5-EBA68F712615}"
EndProject
Global
	GlobalSection(SolutionConfigurationPlatforms) = preSolution
		Debug|Any CPU = Debug|Any CPU
		Release|Any CPU = Release|Any CPU
	EndGlobalSection
	GlobalSection(ProjectConfigurationPlatforms) = postSolution
		{0BA0EB6F-14F8-4D7E-A3F5-EBA68F712615}.Debug|Any CPU.ActiveCfg = Debug|Any CPU
		{0BA0EB6F-14F8-4D7E-A3F5-EBA68F712615}.Debug|Any CPU.Build.0 = Debug|Any CPU
		{0BA0EB6F-14F8-4D7E-A3F5-EBA68F712615}.Release|Any CPU.ActiveCfg = Release|Any CPU
		{0BA0EB6F-14F8-4D7E-A3F5-EBA68F712615}.Release|Any CPU.Build.0 = Release|Any CPU
	EndGlobalSection
	GlobalSection(SolutionProperties) = preSolution
		HideSolutionNode = FALSE
	EndGlobalSection
	GlobalSection(ExtensibilityGlobals) = postSolution
		SolutionGuid = {8AD143A6-E43E-4854-B040-CE377CE63B7B}
	EndGlobalSection
EndGlobal
